
Microsoft Visual Studio Solution File, Format Version 12.00
# Visual Studio Version 16
VisualStudioVersion = 16.0.29215.179
MinimumVisualStudioVersion = 10.0.40219.1
Project("{FAE04EC0-301F-11D3-BF4B-00C04F79EFBC}") = "Pizza", "Pizza.csproj", "{9EA8EFE7-128B-4978-A6EE-2F3FAF719214}"
EndProject
Global
	GlobalSection(SolutionConfigurationPlatforms) = preSolution
		Debug|Any CPU = Debug|Any CPU
		Release|Any CPU = Release|Any CPU
	EndGlobalSection
	GlobalSection(ProjectConfigurationPlatforms) = postSolution
		{9EA8EFE7-128B-4978-A6EE-2F3FAF719214}.Debug|Any CPU.ActiveCfg = Debug|Any CPU
		{9EA8EFE7-128B-4978-A6EE-2F3FAF719214}.Debug|Any CPU.Build.0 = Debug|Any CPU
		{9EA8EFE7-128B-4978-A6EE-2F3FAF719214}.Release|Any CPU.ActiveCfg = Release|Any CPU
		{9EA8EFE7-128B-4978-A6EE-2F3FAF719214}.Release|Any CPU.Build.0 = Release|Any CPU
	EndGlobalSection
	GlobalSection(SolutionProperties) = preSolution
		HideSolutionNode = FALSE
	EndGlobalSection
	GlobalSection(ExtensibilityGlobals) = postSolution
		SolutionGuid = {1D0C9AE5-6084-404F-8BFE-73DFB390BCC3}
	EndGlobalSection
EndGlobal
