
Microsoft Visual Studio Solution File, Format Version 12.00
# Visual Studio Version 16
VisualStudioVersion = 16.0.29215.179
MinimumVisualStudioVersion = 10.0.40219.1
Project("{FAE04EC0-301F-11D3-BF4B-00C04F79EFBC}") = "Day2-1 InClass", "Day2-1 InClass.csproj", "{55A9A1C2-5F3F-4AC9-AF0F-0B7FFDD2D13A}"
EndProject
Global
	GlobalSection(SolutionConfigurationPlatforms) = preSolution
		Debug|Any CPU = Debug|Any CPU
		Release|Any CPU = Release|Any CPU
	EndGlobalSection
	GlobalSection(ProjectConfigurationPlatforms) = postSolution
		{55A9A1C2-5F3F-4AC9-AF0F-0B7FFDD2D13A}.Debug|Any CPU.ActiveCfg = Debug|Any CPU
		{55A9A1C2-5F3F-4AC9-AF0F-0B7FFDD2D13A}.Debug|Any CPU.Build.0 = Debug|Any CPU
		{55A9A1C2-5F3F-4AC9-AF0F-0B7FFDD2D13A}.Release|Any CPU.ActiveCfg = Release|Any CPU
		{55A9A1C2-5F3F-4AC9-AF0F-0B7FFDD2D13A}.Release|Any CPU.Build.0 = Release|Any CPU
	EndGlobalSection
	GlobalSection(SolutionProperties) = preSolution
		HideSolutionNode = FALSE
	EndGlobalSection
	GlobalSection(ExtensibilityGlobals) = postSolution
		SolutionGuid = {3E30B736-2D50-4B3B-AA7D-C8CB7EB2179F}
	EndGlobalSection
EndGlobal
